// !$*UTF8*$!
{
	archiveVersion = 1;
	classes = {
	};
	objectVersion = 46;
	objects = {

/* Begin PBXBuildFile section */
		53F9A5931CEB120F003E1CBB /* AppDelegate.swift in Sources */ = {isa = PBXBuildFile; fileRef = 53F9A5921CEB120F003E1CBB /* AppDelegate.swift */; };
		53F9A5951CEB120F003E1CBB /* ViewController.swift in Sources */ = {isa = PBXBuildFile; fileRef = 53F9A5941CEB120F003E1CBB /* ViewController.swift */; };
		53F9A5981CEB120F003E1CBB /* Main.storyboard in Resources */ = {isa = PBXBuildFile; fileRef = 53F9A5961CEB120F003E1CBB /* Main.storyboard */; };
		53F9A59A1CEB120F003E1CBB /* Assets.xcassets in Resources */ = {isa = PBXBuildFile; fileRef = 53F9A5991CEB120F003E1CBB /* Assets.xcassets */; };
		53F9A59D1CEB120F003E1CBB /* LaunchScreen.storyboard in Resources */ = {isa = PBXBuildFile; fileRef = 53F9A59B1CEB120F003E1CBB /* LaunchScreen.storyboard */; };
		53F9A5C21CEB12E4003E1CBB /* AppearanceProvider.swift in Sources */ = {isa = PBXBuildFile; fileRef = 53F9A5C01CEB12E4003E1CBB /* AppearanceProvider.swift */; };
		53F9A5C31CEB12E4003E1CBB /* NumberTileGame.swift in Sources */ = {isa = PBXBuildFile; fileRef = 53F9A5C11CEB12E4003E1CBB /* NumberTileGame.swift */; };
		53F9A5C81CEB12EA003E1CBB /* AccessoryViews.swift in Sources */ = {isa = PBXBuildFile; fileRef = 53F9A5C51CEB12EA003E1CBB /* AccessoryViews.swift */; };
		53F9A5C91CEB12EA003E1CBB /* GameboardView.swift in Sources */ = {isa = PBXBuildFile; fileRef = 53F9A5C61CEB12EA003E1CBB /* GameboardView.swift */; };
		53F9A5CA1CEB12EA003E1CBB /* TileView.swift in Sources */ = {isa = PBXBuildFile; fileRef = 53F9A5C71CEB12EA003E1CBB /* TileView.swift */; };
		53F9A5CE1CEB12F0003E1CBB /* AuxiliaryModels.swift in Sources */ = {isa = PBXBuildFile; fileRef = 53F9A5CC1CEB12F0003E1CBB /* AuxiliaryModels.swift */; };
		53F9A5CF1CEB12F0003E1CBB /* GameModel.swift in Sources */ = {isa = PBXBuildFile; fileRef = 53F9A5CD1CEB12F0003E1CBB /* GameModel.swift */; };
/* End PBXBuildFile section */

/* Begin PBXFileReference section */
		53F9A58F1CEB120F003E1CBB /* ConvenientSwift-2048.app */ = {isa = PBXFileReference; explicitFileType = wrapper.application; includeInIndex = 0; path = "ConvenientSwift-2048.app"; sourceTree = BUILT_PRODUCTS_DIR; };
		53F9A5921CEB120F003E1CBB /* AppDelegate.swift */ = {isa = PBXFileReference; lastKnownFileType = sourcecode.swift; path = AppDelegate.swift; sourceTree = "<group>"; };
		53F9A5941CEB120F003E1CBB /* ViewController.swift */ = {isa = PBXFileReference; lastKnownFileType = sourcecode.swift; path = ViewController.swift; sourceTree = "<group>"; };
		53F9A5971CEB120F003E1CBB /* Base */ = {isa = PBXFileReference; lastKnownFileType = file.storyboard; name = Base; path = Base.lproj/Main.storyboard; sourceTree = "<group>"; };
		53F9A5991CEB120F003E1CBB /* Assets.xcassets */ = {isa = PBXFileReference; lastKnownFileType = folder.assetcatalog; path = Assets.xcassets; sourceTree = "<group>"; };
		53F9A59C1CEB120F003E1CBB /* Base */ = {isa = PBXFileReference; lastKnownFileType = file.storyboard; name = Base; path = Base.lproj/LaunchScreen.storyboard; sourceTree = "<group>"; };
		53F9A59E1CEB120F003E1CBB /* Info.plist */ = {isa = PBXFileReference; lastKnownFileType = text.plist.xml; path = Info.plist; sourceTree = "<group>"; };
		53F9A5C01CEB12E4003E1CBB /* AppearanceProvider.swift */ = {isa = PBXFileReference; fileEncoding = 4; lastKnownFileType = sourcecode.swift; path = AppearanceProvider.swift; sourceTree = "<group>"; };
		53F9A5C11CEB12E4003E1CBB /* NumberTileGame.swift */ = {isa = PBXFileReference; fileEncoding = 4; lastKnownFileType = sourcecode.swift; path = NumberTileGame.swift; sourceTree = "<group>"; };
		53F9A5C51CEB12EA003E1CBB /* AccessoryViews.swift */ = {isa = PBXFileReference; fileEncoding = 4; lastKnownFileType = sourcecode.swift; path = AccessoryViews.swift; sourceTree = "<group>"; };
		53F9A5C61CEB12EA003E1CBB /* GameboardView.swift */ = {isa = PBXFileReference; fileEncoding = 4; lastKnownFileType = sourcecode.swift; path = GameboardView.swift; sourceTree = "<group>"; };
		53F9A5C71CEB12EA003E1CBB /* TileView.swift */ = {isa = PBXFileReference; fileEncoding = 4; lastKnownFileType = sourcecode.swift; path = TileView.swift; sourceTree = "<group>"; };
		53F9A5CC1CEB12F0003E1CBB /* AuxiliaryModels.swift */ = {isa = PBXFileReference; fileEncoding = 4; lastKnownFileType = sourcecode.swift; path = AuxiliaryModels.swift; sourceTree = "<group>"; };
		53F9A5CD1CEB12F0003E1CBB /* GameModel.swift */ = {isa = PBXFileReference; fileEncoding = 4; lastKnownFileType = sourcecode.swift; path = GameModel.swift; sourceTree = "<group>"; };
/* End PBXFileReference section */

/* Begin PBXFrameworksBuildPhase section */
		53F9A58C1CEB120F003E1CBB /* Frameworks */ = {
			isa = PBXFrameworksBuildPhase;
			buildActionMask = 2147483647;
			files = (
			);
			runOnlyForDeploymentPostprocessing = 0;
		};
/* End PBXFrameworksBuildPhase section */

/* Begin PBXGroup section */
		53F9A5861CEB120F003E1CBB = {
			isa = PBXGroup;
			children = (
				53F9A5911CEB120F003E1CBB /* ConvenientSwift-2048 */,
				53F9A5901CEB120F003E1CBB /* Products */,
			);
			sourceTree = "<group>";
		};
		53F9A5901CEB120F003E1CBB /* Products */ = {
			isa = PBXGroup;
			children = (
				53F9A58F1CEB120F003E1CBB /* ConvenientSwift-2048.app */,
			);
			name = Products;
			sourceTree = "<group>";
		};
		53F9A5911CEB120F003E1CBB /* ConvenientSwift-2048 */ = {
			isa = PBXGroup;
			children = (
				53F9A5CB1CEB12F0003E1CBB /* Models */,
				53F9A5C41CEB12EA003E1CBB /* Views */,
				53F9A5C01CEB12E4003E1CBB /* AppearanceProvider.swift */,
				53F9A5C11CEB12E4003E1CBB /* NumberTileGame.swift */,
				53F9A5921CEB120F003E1CBB /* AppDelegate.swift */,
				53F9A5941CEB120F003E1CBB /* ViewController.swift */,
				53F9A5961CEB120F003E1CBB /* Main.storyboard */,
				53F9A5991CEB120F003E1CBB /* Assets.xcassets */,
				53F9A59B1CEB120F003E1CBB /* LaunchScreen.storyboard */,
				53F9A59E1CEB120F003E1CBB /* Info.plist */,
			);
			path = "ConvenientSwift-2048";
			sourceTree = "<group>";
		};
		53F9A5C41CEB12EA003E1CBB /* Views */ = {
			isa = PBXGroup;
			children = (
				53F9A5C51CEB12EA003E1CBB /* AccessoryViews.swift */,
				53F9A5C61CEB12EA003E1CBB /* GameboardView.swift */,
				53F9A5C71CEB12EA003E1CBB /* TileView.swift */,
			);
			path = Views;
			sourceTree = "<group>";
		};
		53F9A5CB1CEB12F0003E1CBB /* Models */ = {
			isa = PBXGroup;
			children = (
				53F9A5CC1CEB12F0003E1CBB /* AuxiliaryModels.swift */,
				53F9A5CD1CEB12F0003E1CBB /* GameModel.swift */,
			);
			path = Models;
			sourceTree = "<group>";
		};
/* End PBXGroup section */

/* Begin PBXNativeTarget section */
		53F9A58E1CEB120F003E1CBB /* ConvenientSwift-2048 */ = {
			isa = PBXNativeTarget;
			buildConfigurationList = 53F9A5B71CEB120F003E1CBB /* Build configuration list for PBXNativeTarget "ConvenientSwift-2048" */;
			buildPhases = (
				53F9A58B1CEB120F003E1CBB /* Sources */,
				53F9A58C1CEB120F003E1CBB /* Frameworks */,
				53F9A58D1CEB120F003E1CBB /* Resources */,
			);
			buildRules = (
			);
			dependencies = (
			);
			name = "ConvenientSwift-2048";
			productName = "ConvenientSwift-2048";
			productReference = 53F9A58F1CEB120F003E1CBB /* ConvenientSwift-2048.app */;
			productType = "com.apple.product-type.application";
		};
/* End PBXNativeTarget section */

/* Begin PBXProject section */
		53F9A5871CEB120F003E1CBB /* Project object */ = {
			isa = PBXProject;
			attributes = {
				LastSwiftUpdateCheck = 0730;
				LastUpgradeCheck = 0730;
				ORGANIZATIONNAME = xuzhou;
				TargetAttributes = {
					53F9A58E1CEB120F003E1CBB = {
						CreatedOnToolsVersion = 7.3.1;
						DevelopmentTeam = 6JC78V6G2N;
					};
				};
			};
			buildConfigurationList = 53F9A58A1CEB120F003E1CBB /* Build configuration list for PBXProject "ConvenientSwift-2048" */;
			compatibilityVersion = "Xcode 3.2";
			developmentRegion = English;
			hasScannedForEncodings = 0;
			knownRegions = (
				English,
				en,
				Base,
			);
			mainGroup = 53F9A5861CEB120F003E1CBB;
			productRefGroup = 53F9A5901CEB120F003E1CBB /* Products */;
			projectDirPath = "";
			projectRoot = "";
			targets = (
				53F9A58E1CEB120F003E1CBB /* ConvenientSwift-2048 */,
			);
		};
/* End PBXProject section */

/* Begin PBXResourcesBuildPhase section */
		53F9A58D1CEB120F003E1CBB /* Resources */ = {
			isa = PBXResourcesBuildPhase;
			buildActionMask = 2147483647;
			files = (
				53F9A59D1CEB120F003E1CBB /* LaunchScreen.storyboard in Resources */,
				53F9A59A1CEB120F003E1CBB /* Assets.xcassets in Resources */,
				53F9A5981CEB120F003E1CBB /* Main.storyboard in Resources */,
			);
			runOnlyForDeploymentPostprocessing = 0;
		};
/* End PBXResourcesBuildPhase section */

/* Begin PBXSourcesBuildPhase section */
		53F9A58B1CEB120F003E1CBB /* Sources */ = {
			isa = PBXSourcesBuildPhase;
			buildActionMask = 2147483647;
			files = (
				53F9A5C31CEB12E4003E1CBB /* NumberTileGame.swift in Sources */,
				53F9A5CA1CEB12EA003E1CBB /* TileView.swift in Sources */,
				53F9A5CF1CEB12F0003E1CBB /* GameModel.swift in Sources */,
				53F9A5951CEB120F003E1CBB /* ViewController.swift in Sources */,
				53F9A5C81CEB12EA003E1CBB /* AccessoryViews.swift in Sources */,
				53F9A5CE1CEB12F0003E1CBB /* AuxiliaryModels.swift in Sources */,
				53F9A5C91CEB12EA003E1CBB /* GameboardView.swift in Sources */,
				53F9A5931CEB120F003E1CBB /* AppDelegate.swift in Sources */,
				53F9A5C21CEB12E4003E1CBB /* AppearanceProvider.swift in Sources */,
			);
			runOnlyForDeploymentPostprocessing = 0;
		};
/* End PBXSourcesBuildPhase section */

/* Begin PBXVariantGroup section */
		53F9A5961CEB120F003E1CBB /* Main.storyboard */ = {
			isa = PBXVariantGroup;
			children = (
				53F9A5971CEB120F003E1CBB /* Base */,
			);
			name = Main.storyboard;
			sourceTree = "<group>";
		};
		53F9A59B1CEB120F003E1CBB /* LaunchScreen.storyboard */ = {
			isa = PBXVariantGroup;
			children = (
				53F9A59C1CEB120F003E1CBB /* Base */,
			);
			name = LaunchScreen.storyboard;
			sourceTree = "<group>";
		};
/* End PBXVariantGroup section */

/* Begin XCBuildConfiguration section */
		53F9A5B51CEB120F003E1CBB /* Debug */ = {
			isa = XCBuildConfiguration;
			buildSettings = {
				ALWAYS_SEARCH_USER_PATHS = NO;
				CLANG_ANALYZER_NONNULL = YES;
				CLANG_CXX_LANGUAGE_STANDARD = "gnu++0x";
				CLANG_CXX_LIBRARY = "libc++";
				CLANG_ENABLE_MODULES = YES;
				CLANG_ENABLE_OBJC_ARC = YES;
				CLANG_WARN_BOOL_CONVERSION = YES;
				CLANG_WARN_CONSTANT_CONVERSION = YES;
				CLANG_WARN_DIRECT_OBJC_ISA_USAGE = YES_ERROR;
				CLANG_WARN_EMPTY_BODY = YES;
				CLANG_WARN_ENUM_CONVERSION = YES;
				CLANG_WARN_INT_CONVERSION = YES;
				CLANG_WARN_OBJC_ROOT_CLASS = YES_ERROR;
				CLANG_WARN_UNREACHABLE_CODE = YES;
				CLANG_WARN__DUPLICATE_METHOD_MATCH = YES;
				"CODE_SIGN_IDENTITY[sdk=iphoneos*]" = "iPhone Developer";
				COPY_PHASE_STRIP = NO;
				DEBUG_INFORMATION_FORMAT = dwarf;
				ENABLE_STRICT_OBJC_MSGSEND = YES;
				ENABLE_TESTABILITY = YES;
				GCC_C_LANGUAGE_STANDARD = gnu99;
				GCC_DYNAMIC_NO_PIC = NO;
				GCC_NO_COMMON_BLOCKS = YES;
				GCC_OPTIMIZATION_LEVEL = 0;
				GCC_PREPROCESSOR_DEFINITIONS = (
					"DEBUG=1",
					"$(inherited)",
				);
				GCC_WARN_64_TO_32_BIT_CONVERSION = YES;
				GCC_WARN_ABOUT_RETURN_TYPE = YES_ERROR;
				GCC_WARN_UNDECLARED_SELECTOR = YES;
				GCC_WARN_UNINITIALIZED_AUTOS = YES_AGGRESSIVE;
				GCC_WARN_UNUSED_FUNCTION = YES;
				GCC_WARN_UNUSED_VARIABLE = YES;
				IPHONEOS_DEPLOYMENT_TARGET = 9.3;
				MTL_ENABLE_DEBUG_INFO = YES;
				ONLY_ACTIVE_ARCH = YES;
				SDKROOT = iphoneos;
				SWIFT_OPTIMIZATION_LEVEL = "-Onone";
			};
			name = Debug;
		};
		53F9A5B61CEB120F003E1CBB /* Release */ = {
			isa = XCBuildConfiguration;
			buildSettings = {
				ALWAYS_SEARCH_USER_PATHS = NO;
				CLANG_ANALYZER_NONNULL = YES;
				CLANG_CXX_LANGUAGE_STANDARD = "gnu++0x";
				CLANG_CXX_LIBRARY = "libc++";
				CLANG_ENABLE_MODULES = YES;
				CLANG_ENABLE_OBJC_ARC = YES;
				CLANG_WARN_BOOL_CONVERSION = YES;
				CLANG_WARN_CONSTANT_CONVERSION = YES;
				CLANG_WARN_DIRECT_OBJC_ISA_USAGE = YES_ERROR;
				CLANG_WARN_EMPTY_BODY = YES;
				CLANG_WARN_ENUM_CONVERSION = YES;
				CLANG_WARN_INT_CONVERSION = YES;
				CLANG_WARN_OBJC_ROOT_CLASS = YES_ERROR;
				CLANG_WARN_UNREACHABLE_CODE = YES;
				CLANG_WARN__DUPLICATE_METHOD_MATCH = YES;
				"CODE_SIGN_IDENTITY[sdk=iphoneos*]" = "iPhone Developer";
				COPY_PHASE_STRIP = NO;
				DEBUG_INFORMATION_FORMAT = "dwarf-with-dsym";
				ENABLE_NS_ASSERTIONS = NO;
				ENABLE_STRICT_OBJC_MSGSEND = YES;
				GCC_C_LANGUAGE_STANDARD = gnu99;
				GCC_NO_COMMON_BLOCKS = YES;
				GCC_WARN_64_TO_32_BIT_CONVERSION = YES;
				GCC_WARN_ABOUT_RETURN_TYPE = YES_ERROR;
				GCC_WARN_UNDECLARED_SELECTOR = YES;
				GCC_WARN_UNINITIALIZED_AUTOS = YES_AGGRESSIVE;
				GCC_WARN_UNUSED_FUNCTION = YES;
				GCC_WARN_UNUSED_VARIABLE = YES;
				IPHONEOS_DEPLOYMENT_TARGET = 9.3;
				MTL_ENABLE_DEBUG_INFO = NO;
				SDKROOT = iphoneos;
				VALIDATE_PRODUCT = YES;
			};
			name = Release;
		};
		53F9A5B81CEB120F003E1CBB /* Debug */ = {
			isa = XCBuildConfiguration;
			buildSettings = {
				ASSETCATALOG_COMPILER_APPICON_NAME = AppIcon;
				DEVELOPMENT_TEAM = 6JC78V6G2N;
				INFOPLIST_FILE = "ConvenientSwift-2048/Info.plist";
				IPHONEOS_DEPLOYMENT_TARGET = 12.0;
				LD_RUNPATH_SEARCH_PATHS = "$(inherited) @executable_path/Frameworks";
				MARKETING_VERSION = 1.0.0;
				PRODUCT_BUNDLE_IDENTIFIER = "Convenient.ConvenientSwift-2048";
				PRODUCT_NAME = "$(TARGET_NAME)";
				SWIFT_VERSION = 5.0;
			};
			name = Debug;
		};
		53F9A5B91CEB120F003E1CBB /* Release */ = {
			isa = XCBuildConfiguration;
			buildSettings = {
				ASSETCATALOG_COMPILER_APPICON_NAME = AppIcon;
				DEVELOPMENT_TEAM = 6JC78V6G2N;
				INFOPLIST_FILE = "ConvenientSwift-2048/Info.plist";
				IPHONEOS_DEPLOYMENT_TARGET = 12.0;
				LD_RUNPATH_SEARCH_PATHS = "$(inherited) @executable_path/Frameworks";
				MARKETING_VERSION = 1.0.0;
				PRODUCT_BUNDLE_IDENTIFIER = "Convenient.ConvenientSwift-2048";
				PRODUCT_NAME = "$(TARGET_NAME)";
				SWIFT_VERSION = 5.0;
			};
			name = Release;
		};
/* End XCBuildConfiguration section */

/* Begin XCConfigurationList section */
		53F9A58A1CEB120F003E1CBB /* Build configuration list for PBXProject "ConvenientSwift-2048" */ = {
			isa = XCConfigurationList;
			buildConfigurations = (
				53F9A5B51CEB120F003E1CBB /* Debug */,
				53F9A5B61CEB120F003E1CBB /* Release */,
			);
			defaultConfigurationIsVisible = 0;
			defaultConfigurationName = Release;
		};
		53F9A5B71CEB120F003E1CBB /* Build configuration list for PBXNativeTarget "ConvenientSwift-2048" */ = {
			isa = XCConfigurationList;
			buildConfigurations = (
				53F9A5B81CEB120F003E1CBB /* Debug */,
				53F9A5B91CEB120F003E1CBB /* Release */,
			);
			defaultConfigurationIsVisible = 0;
			defaultConfigurationName = Release;
		};
/* End XCConfigurationList section */
	};
	rootObject = 53F9A5871CEB120F003E1CBB /* Project object */;
}
